
Microsoft Visual Studio Solution File, Format Version 12.00
# Visual Studio Version 16
VisualStudioVersion = 16.0.32413.511
MinimumVisualStudioVersion = 10.0.40219.1
Project("{FAE04EC0-301F-11D3-BF4B-00C04F79EFBC}") = "ApiService", "ApiService\ApiService.csproj", "{F528D8BE-7745-4528-9E02-8EE469E7C235}"
EndProject
Global
	GlobalSection(SolutionConfigurationPlatforms) = preSolution
		Debug|Any CPU = Debug|Any CPU
		Release|Any CPU = Release|Any CPU
	EndGlobalSection
	GlobalSection(ProjectConfigurationPlatforms) = postSolution
		{F528D8BE-7745-4528-9E02-8EE469E7C235}.Debug|Any CPU.ActiveCfg = Debug|Any CPU
		{F528D8BE-7745-4528-9E02-8EE469E7C235}.Debug|Any CPU.Build.0 = Debug|Any CPU
		{F528D8BE-7745-4528-9E02-8EE469E7C235}.Release|Any CPU.ActiveCfg = Release|Any CPU
		{F528D8BE-7745-4528-9E02-8EE469E7C235}.Release|Any CPU.Build.0 = Release|Any CPU
	EndGlobalSection
	GlobalSection(SolutionProperties) = preSolution
		HideSolutionNode = FALSE
	EndGlobalSection
	GlobalSection(ExtensibilityGlobals) = postSolution
		SolutionGuid = {3ECE37C6-1E17-4AB5-9DB4-446A78D29BE4}
	EndGlobalSection
EndGlobal
